
Microsoft Visual Studio Solution File, Format Version 12.00
# Visual Studio 15
VisualStudioVersion = 15.0.26228.4
MinimumVisualStudioVersion = 10.0.40219.1
Project("{FAE04EC0-301F-11D3-BF4B-00C04F79EFBC}") = "BlueShift.Tools.Web", "BlueShift.Tools.Web\BlueShift.Tools.Web.csproj", "{6A905EFC-E402-4C2F-BDF3-A26F5A35A047}"
EndProject
Project("{FAE04EC0-301F-11D3-BF4B-00C04F79EFBC}") = "BlueShift.Data", "BlueShift.Data\BlueShift.Data.csproj", "{39DD6ECC-3F69-4217-9EEA-7D2C22F76175}"
EndProject
Global
	GlobalSection(SolutionConfigurationPlatforms) = preSolution
		Debug|Any CPU = Debug|Any CPU
		Release|Any CPU = Release|Any CPU
	EndGlobalSection
	GlobalSection(ProjectConfigurationPlatforms) = postSolution
		{6A905EFC-E402-4C2F-BDF3-A26F5A35A047}.Debug|Any CPU.ActiveCfg = Debug|Any CPU
		{6A905EFC-E402-4C2F-BDF3-A26F5A35A047}.Debug|Any CPU.Build.0 = Debug|Any CPU
		{6A905EFC-E402-4C2F-BDF3-A26F5A35A047}.Release|Any CPU.ActiveCfg = Release|Any CPU
		{6A905EFC-E402-4C2F-BDF3-A26F5A35A047}.Release|Any CPU.Build.0 = Release|Any CPU
		{39DD6ECC-3F69-4217-9EEA-7D2C22F76175}.Debug|Any CPU.ActiveCfg = Debug|Any CPU
		{39DD6ECC-3F69-4217-9EEA-7D2C22F76175}.Debug|Any CPU.Build.0 = Debug|Any CPU
		{39DD6ECC-3F69-4217-9EEA-7D2C22F76175}.Release|Any CPU.ActiveCfg = Release|Any CPU
		{39DD6ECC-3F69-4217-9EEA-7D2C22F76175}.Release|Any CPU.Build.0 = Release|Any CPU
	EndGlobalSection
	GlobalSection(SolutionProperties) = preSolution
		HideSolutionNode = FALSE
	EndGlobalSection
EndGlobal
